
Microsoft Visual Studio Solution File, Format Version 12.00
# Visual Studio Version 17
VisualStudioVersion = 17.7.34024.191
MinimumVisualStudioVersion = 10.0.40219.1
Project("{54A90642-561A-4BB1-A94E-469ADEE60C69}") = "angularapp", "angularapp\angularapp.esproj", "{5B405AB2-7AB6-4A40-8A61-BF7EE54802F8}"
EndProject
Project("{9A19103F-16F7-4668-BE54-9A1E7A4F7556}") = "ImageStorage.Api", "webapi\ImageStorage.Api.csproj", "{97B22A9A-C3A3-4140-AEE1-B04C215ED8CE}"
EndProject
Project("{FAE04EC0-301F-11D3-BF4B-00C04F79EFBC}") = "ImageStorage.DAL", "ImageStorage.DAL\ImageStorage.DAL.csproj", "{DAF3254D-FD58-4F19-808F-B7C7143C3934}"
EndProject
Global
	GlobalSection(SolutionConfigurationPlatforms) = preSolution
		Debug|Any CPU = Debug|Any CPU
		Release|Any CPU = Release|Any CPU
	EndGlobalSection
	GlobalSection(ProjectConfigurationPlatforms) = postSolution
		{5B405AB2-7AB6-4A40-8A61-BF7EE54802F8}.Debug|Any CPU.ActiveCfg = Debug|Any CPU
		{5B405AB2-7AB6-4A40-8A61-BF7EE54802F8}.Debug|Any CPU.Build.0 = Debug|Any CPU
		{5B405AB2-7AB6-4A40-8A61-BF7EE54802F8}.Debug|Any CPU.Deploy.0 = Debug|Any CPU
		{5B405AB2-7AB6-4A40-8A61-BF7EE54802F8}.Release|Any CPU.ActiveCfg = Release|Any CPU
		{5B405AB2-7AB6-4A40-8A61-BF7EE54802F8}.Release|Any CPU.Build.0 = Release|Any CPU
		{5B405AB2-7AB6-4A40-8A61-BF7EE54802F8}.Release|Any CPU.Deploy.0 = Release|Any CPU
		{97B22A9A-C3A3-4140-AEE1-B04C215ED8CE}.Debug|Any CPU.ActiveCfg = Debug|Any CPU
		{97B22A9A-C3A3-4140-AEE1-B04C215ED8CE}.Debug|Any CPU.Build.0 = Debug|Any CPU
		{97B22A9A-C3A3-4140-AEE1-B04C215ED8CE}.Release|Any CPU.ActiveCfg = Release|Any CPU
		{97B22A9A-C3A3-4140-AEE1-B04C215ED8CE}.Release|Any CPU.Build.0 = Release|Any CPU
		{DAF3254D-FD58-4F19-808F-B7C7143C3934}.Debug|Any CPU.ActiveCfg = Debug|Any CPU
		{DAF3254D-FD58-4F19-808F-B7C7143C3934}.Debug|Any CPU.Build.0 = Debug|Any CPU
		{DAF3254D-FD58-4F19-808F-B7C7143C3934}.Release|Any CPU.ActiveCfg = Release|Any CPU
		{DAF3254D-FD58-4F19-808F-B7C7143C3934}.Release|Any CPU.Build.0 = Release|Any CPU
	EndGlobalSection
	GlobalSection(SolutionProperties) = preSolution
		HideSolutionNode = FALSE
	EndGlobalSection
	GlobalSection(ExtensibilityGlobals) = postSolution
		SolutionGuid = {E522B84A-C798-49A6-B9D1-474329909F94}
	EndGlobalSection
EndGlobal
